# This file is automatically @generated by Cargo.
# It is not intended for manual editing.
version = 4

[[package]]
name = "verbivore"
version = "0.1.0"

[[package]]
name = "verbivore-dataset"
version = "0.1.0"

[[package]]
name = "verbivore-effect"
version = "0.1.0"

[[package]]
name = "verbivore-executor"
version = "0.1.0"

[[package]]
name = "verbivore-grounding"
version = "0.1.0"

[[package]]
name = "verbivore-harvester"
version = "0.1.0"
